<?xml version="1.0" encoding="utf-8"?>
<Project ToolsVersion="4.0" xmlns="http://schemas.microsoft.com/developer/msbuild/2003">
  <ItemGroup>
    <Filter Include="src">
      <UniqueIdentifier>{b8f38934-98db-4b36-b135-e2b99c9dbbd6}</UniqueIdentifier>
    </Filter>
    <Filter Include="src\soundFacade">
      <UniqueIdentifier>{ff4029bf-a62c-4e1a-acc3-8d9d644be824}</UniqueIdentifier>
    </Filter>
    <Filter Include="src\soundFacade\directSoundFacade">
      <UniqueIdentifier>{0154b20b-7e98-4bf2-b0e9-0a27a5c12eb0}</UniqueIdentifier>
    </Filter>
    <Filter Include="src\soundFacade\directShowFacade">
      <UniqueIdentifier>{e1592d5f-4f61-48c4-af29-89d1ef02d7b0}</UniqueIdentifier>
    </Filter>
  </ItemGroup>
  <ItemGroup>
    <Text Include="ReadMe.txt" />
  </ItemGroup>
  <ItemGroup>
    <ClInclude Include="Sound.h">
      <Filter>src</Filter>
    </ClInclude>
    <ClInclude Include="Dependencies.h">
      <Filter>src</Filter>
    </ClInclude>
    <ClInclude Include="SoundFacade.h">
      <Filter>src\soundFacade</Filter>
    </ClInclude>
    <ClInclude Include="DependenciesDSound.h">
      <Filter>src\soundFacade\directSoundFacade</Filter>
    </ClInclude>
    <ClInclude Include="DependenciesDShow.h">
      <Filter>src\soundFacade\directShowFacade</Filter>
    </ClInclude>
    <ClInclude Include="DShowAudio.h">
      <Filter>src\soundFacade\directShowFacade</Filter>
    </ClInclude>
    <ClInclude Include="DShowFacade.h">
      <Filter>src\soundFacade\directShowFacade</Filter>
    </ClInclude>
    <ClInclude Include="DSoundFacade.h">
      <Filter>src\soundFacade\directSoundFacade</Filter>
    </ClInclude>
    <ClInclude Include="DSoundAudio.h">
      <Filter>src\soundFacade\directSoundFacade</Filter>
    </ClInclude>
  </ItemGroup>
  <ItemGroup>
    <ClCompile Include="Sound.cpp">
      <Filter>src</Filter>
    </ClCompile>
    <ClCompile Include="DShowAudio.cpp">
      <Filter>src\soundFacade\directShowFacade</Filter>
    </ClCompile>
    <ClCompile Include="DShowFacade.cpp">
      <Filter>src\soundFacade\directShowFacade</Filter>
    </ClCompile>
    <ClCompile Include="DSoundFacade.cpp">
      <Filter>src\soundFacade\directSoundFacade</Filter>
    </ClCompile>
    <ClCompile Include="DSoundAudio.cpp">
      <Filter>src\soundFacade\directSoundFacade</Filter>
    </ClCompile>
  </ItemGroup>
</Project>