<?xml version="1.0" encoding="utf-8"?>
<Project ToolsVersion="4.0" xmlns="http://schemas.microsoft.com/developer/msbuild/2003">
  <ItemGroup>
    <Filter Include="src">
      <UniqueIdentifier>{6a4e1ee9-1cd4-4cd4-b816-8598fcfb44c9}</UniqueIdentifier>
    </Filter>
    <Filter Include="src\ioFacade">
      <UniqueIdentifier>{f4c2982a-db67-45e9-86eb-9e88ddcac17c}</UniqueIdentifier>
    </Filter>
    <Filter Include="src\ioFacade\directInputFacade">
      <UniqueIdentifier>{ef07839d-9f19-4f9a-8f03-ca53cce3c8b5}</UniqueIdentifier>
    </Filter>
  </ItemGroup>
  <ItemGroup>
    <Text Include="ReadMe.txt" />
  </ItemGroup>
  <ItemGroup>
    <ClInclude Include="src\ioFacade\IInputFacade.h">
      <Filter>src\ioFacade</Filter>
    </ClInclude>
    <ClInclude Include="src\Dependencies.h">
      <Filter>src</Filter>
    </ClInclude>
    <ClInclude Include="src\IO.h">
      <Filter>src</Filter>
    </ClInclude>
    <ClInclude Include="src\IOKeys.h">
      <Filter>src</Filter>
    </ClInclude>
    <ClInclude Include="src\ioFacade\dInputFacade\DependenciesDInput.h">
      <Filter>src\ioFacade\directInputFacade</Filter>
    </ClInclude>
    <ClInclude Include="src\ioFacade\dInputFacade\DInputFacade.h">
      <Filter>src\ioFacade\directInputFacade</Filter>
    </ClInclude>
  </ItemGroup>
  <ItemGroup>
    <ClCompile Include="src\IO.cpp">
      <Filter>src</Filter>
    </ClCompile>
    <ClCompile Include="src\ioFacade\dInputFacade\DInputFacade.cpp">
      <Filter>src\ioFacade\directInputFacade</Filter>
    </ClCompile>
  </ItemGroup>
</Project>