<?xml version="1.0" encoding="utf-8"?>
<Project ToolsVersion="4.0" xmlns="http://schemas.microsoft.com/developer/msbuild/2003">
  <ItemGroup>
    <Filter Include="Файлы исходного кода">
      <UniqueIdentifier>{4FC737F1-C7A5-4376-A066-2A32D752A2FF}</UniqueIdentifier>
      <Extensions>cpp;c;cc;cxx;def;odl;idl;hpj;bat;asm;asmx</Extensions>
    </Filter>
    <Filter Include="Заголовочные файлы">
      <UniqueIdentifier>{93995380-89BD-4b04-88EB-625FBE52EBFB}</UniqueIdentifier>
      <Extensions>h;hh;hpp;hxx;hm;inl;inc;xsd</Extensions>
    </Filter>
    <Filter Include="Файлы ресурсов">
      <UniqueIdentifier>{67DA6AB6-F800-4c08-8B7A-83BB121AAD01}</UniqueIdentifier>
      <Extensions>rc;ico;cur;bmp;dlg;rc2;rct;bin;rgs;gif;jpg;jpeg;jpe;resx;tiff;tif;png;wav;mfcribbon-ms</Extensions>
    </Filter>
    <Filter Include="src">
      <UniqueIdentifier>{714274ba-85fe-45dc-a1ad-7458861867e6}</UniqueIdentifier>
    </Filter>
    <Filter Include="src\graphicFacade">
      <UniqueIdentifier>{05559568-61bd-47bd-8a1b-b79b65a76f0d}</UniqueIdentifier>
    </Filter>
    <Filter Include="src\graphicFacade\directXFacade">
      <UniqueIdentifier>{964b1683-4dc9-4c50-8ce6-ed386bf66304}</UniqueIdentifier>
    </Filter>
    <Filter Include="src\graphicFacade\openGLFacade">
      <UniqueIdentifier>{d025dc33-5579-4ffd-9fb0-d5aa442dbd8f}</UniqueIdentifier>
    </Filter>
  </ItemGroup>
  <ItemGroup>
    <Text Include="ReadMe.txt" />
  </ItemGroup>
  <ItemGroup>
    <ClInclude Include="DependenciesDX.h">
      <Filter>src\graphicFacade\directXFacade</Filter>
    </ClInclude>
    <ClInclude Include="Dependencies.h">
      <Filter>src</Filter>
    </ClInclude>
    <ClInclude Include="Graphic.h">
      <Filter>src</Filter>
    </ClInclude>
    <ClInclude Include="GraphicInformer.h">
      <Filter>src</Filter>
    </ClInclude>
    <ClInclude Include="GraphicSupport.h">
      <Filter>src</Filter>
    </ClInclude>
    <ClInclude Include="DirectXFacade.h">
      <Filter>src\graphicFacade\directXFacade</Filter>
    </ClInclude>
    <ClInclude Include="GraphicFacade.h">
      <Filter>src\graphicFacade</Filter>
    </ClInclude>
  </ItemGroup>
  <ItemGroup>
    <ClCompile Include="Graphic.cpp">
      <Filter>src</Filter>
    </ClCompile>
    <ClCompile Include="DirectXFacade.cpp">
      <Filter>src\graphicFacade\directXFacade</Filter>
    </ClCompile>
  </ItemGroup>
</Project>