<?xml version="1.0" encoding="utf-8"?>
<Project ToolsVersion="4.0" xmlns="http://schemas.microsoft.com/developer/msbuild/2003">
  <ItemGroup>
    <Filter Include="src">
      <UniqueIdentifier>{714274ba-85fe-45dc-a1ad-7458861867e6}</UniqueIdentifier>
    </Filter>
    <Filter Include="src\graphicFacade">
      <UniqueIdentifier>{05559568-61bd-47bd-8a1b-b79b65a76f0d}</UniqueIdentifier>
    </Filter>
    <Filter Include="src\graphicFacade\directXFacade">
      <UniqueIdentifier>{964b1683-4dc9-4c50-8ce6-ed386bf66304}</UniqueIdentifier>
    </Filter>
    <Filter Include="src\graphicFacade\openGLFacade">
      <UniqueIdentifier>{d025dc33-5579-4ffd-9fb0-d5aa442dbd8f}</UniqueIdentifier>
    </Filter>
    <Filter Include="src\graphicFacade\directXFacade\shader">
      <UniqueIdentifier>{d5b293cc-8bff-42b9-98ff-7bf314d87c31}</UniqueIdentifier>
    </Filter>
    <Filter Include="src\graphicFacade\directXFacade\model">
      <UniqueIdentifier>{fc0c1ced-c6ac-4fa5-a1ac-47248459231a}</UniqueIdentifier>
    </Filter>
  </ItemGroup>
  <ItemGroup>
    <Text Include="ReadMe.txt" />
  </ItemGroup>
  <ItemGroup>
    <ClInclude Include="DependenciesDX.h">
      <Filter>src\graphicFacade\directXFacade</Filter>
    </ClInclude>
    <ClInclude Include="Dependencies.h">
      <Filter>src</Filter>
    </ClInclude>
    <ClInclude Include="Graphic.h">
      <Filter>src</Filter>
    </ClInclude>
    <ClInclude Include="GraphicInformer.h">
      <Filter>src</Filter>
    </ClInclude>
    <ClInclude Include="GraphicSupport.h">
      <Filter>src</Filter>
    </ClInclude>
    <ClInclude Include="OpenGLFacade.h">
      <Filter>src\graphicFacade\openGLFacade</Filter>
    </ClInclude>
    <ClInclude Include="DependenciesGL.h">
      <Filter>src\graphicFacade\openGLFacade</Filter>
    </ClInclude>
    <ClInclude Include="IGraphicFacade.h">
      <Filter>src\graphicFacade</Filter>
    </ClInclude>
    <ClInclude Include="DXBuffer.h">
      <Filter>src\graphicFacade\directXFacade</Filter>
    </ClInclude>
    <ClInclude Include="DXVertex.h">
      <Filter>src\graphicFacade\directXFacade</Filter>
    </ClInclude>
    <ClInclude Include="DXFacade.h">
      <Filter>src\graphicFacade\directXFacade</Filter>
    </ClInclude>
    <ClInclude Include="DXMaterial.h">
      <Filter>src\graphicFacade\directXFacade</Filter>
    </ClInclude>
    <ClInclude Include="DXShader.h">
      <Filter>src\graphicFacade\directXFacade\shader</Filter>
    </ClInclude>
    <ClInclude Include="DXVShader.h">
      <Filter>src\graphicFacade\directXFacade\shader</Filter>
    </ClInclude>
    <ClInclude Include="DXPShader.h">
      <Filter>src\graphicFacade\directXFacade\shader</Filter>
    </ClInclude>
    <ClInclude Include="DXModel.h">
      <Filter>src\graphicFacade\directXFacade\model</Filter>
    </ClInclude>
    <ClInclude Include="DXInstance.h">
      <Filter>src\graphicFacade\directXFacade\model</Filter>
    </ClInclude>
  </ItemGroup>
  <ItemGroup>
    <ClCompile Include="Graphic.cpp">
      <Filter>src</Filter>
    </ClCompile>
    <ClCompile Include="OpenGLFacade.cpp">
      <Filter>src\graphicFacade\openGLFacade</Filter>
    </ClCompile>
    <ClCompile Include="DXBuffer.cpp">
      <Filter>src\graphicFacade\directXFacade</Filter>
    </ClCompile>
    <ClCompile Include="DXFacade.cpp">
      <Filter>src\graphicFacade\directXFacade</Filter>
    </ClCompile>
    <ClCompile Include="DXMaterial.cpp">
      <Filter>src\graphicFacade\directXFacade</Filter>
    </ClCompile>
    <ClCompile Include="DXShader.cpp">
      <Filter>src\graphicFacade\directXFacade\shader</Filter>
    </ClCompile>
    <ClCompile Include="DXPShader.cpp">
      <Filter>src\graphicFacade\directXFacade\shader</Filter>
    </ClCompile>
    <ClCompile Include="DXVShader.cpp">
      <Filter>src\graphicFacade\directXFacade\shader</Filter>
    </ClCompile>
    <ClCompile Include="DXModel.cpp">
      <Filter>src\graphicFacade\directXFacade\model</Filter>
    </ClCompile>
    <ClCompile Include="DXInstance.cpp">
      <Filter>src\graphicFacade\directXFacade\model</Filter>
    </ClCompile>
  </ItemGroup>
</Project>